
Microsoft Visual Studio Solution File, Format Version 12.00
# Visual Studio Version 17
VisualStudioVersion = 17.7.34302.85
MinimumVisualStudioVersion = 10.0.40219.1
Project("{9A19103F-16F7-4668-BE54-9A1E7A4F7556}") = "Sicotyc", "Sicotyc\Sicotyc.csproj", "{6491ED39-E41E-4C0E-B6D3-32C701EF46F7}"
EndProject
Project("{9A19103F-16F7-4668-BE54-9A1E7A4F7556}") = "Contracts", "Contracts\Contracts.csproj", "{B45B53BD-646F-4F3F-8706-8BB41C8AB6F1}"
EndProject
Project("{9A19103F-16F7-4668-BE54-9A1E7A4F7556}") = "LoggerService", "LoggerService\LoggerService.csproj", "{E5B0CF37-75A5-4B21-85C2-2D5442566D0B}"
EndProject
Project("{FAE04EC0-301F-11D3-BF4B-00C04F79EFBC}") = "Entities", "Entities\Entities.csproj", "{D83FF841-0245-45E0-A717-A65AEEE18A7A}"
EndProject
Project("{FAE04EC0-301F-11D3-BF4B-00C04F79EFBC}") = "Repository", "Repository\Repository.csproj", "{DC6DE5EB-CC26-4FBA-BFBC-FD9523867E6D}"
EndProject
Project("{FAE04EC0-301F-11D3-BF4B-00C04F79EFBC}") = "Service.Contracts", "Service.Contracts\Service.Contracts.csproj", "{B445E077-2456-4A5B-A543-C52565A61A3E}"
EndProject
Project("{FAE04EC0-301F-11D3-BF4B-00C04F79EFBC}") = "Service", "Service\Service.csproj", "{4060F238-D9C0-4928-8B38-CEA47CAA6EAD}"
EndProject
Project("{FAE04EC0-301F-11D3-BF4B-00C04F79EFBC}") = "Shared", "Shared\Shared.csproj", "{6095A0B7-0AA0-43AA-AC9E-C2907E3FCFD4}"
EndProject
Global
	GlobalSection(SolutionConfigurationPlatforms) = preSolution
		Debug|Any CPU = Debug|Any CPU
		Release|Any CPU = Release|Any CPU
	EndGlobalSection
	GlobalSection(ProjectConfigurationPlatforms) = postSolution
		{6491ED39-E41E-4C0E-B6D3-32C701EF46F7}.Debug|Any CPU.ActiveCfg = Debug|Any CPU
		{6491ED39-E41E-4C0E-B6D3-32C701EF46F7}.Debug|Any CPU.Build.0 = Debug|Any CPU
		{6491ED39-E41E-4C0E-B6D3-32C701EF46F7}.Release|Any CPU.ActiveCfg = Release|Any CPU
		{6491ED39-E41E-4C0E-B6D3-32C701EF46F7}.Release|Any CPU.Build.0 = Release|Any CPU
		{B45B53BD-646F-4F3F-8706-8BB41C8AB6F1}.Debug|Any CPU.ActiveCfg = Debug|Any CPU
		{B45B53BD-646F-4F3F-8706-8BB41C8AB6F1}.Debug|Any CPU.Build.0 = Debug|Any CPU
		{B45B53BD-646F-4F3F-8706-8BB41C8AB6F1}.Release|Any CPU.ActiveCfg = Release|Any CPU
		{B45B53BD-646F-4F3F-8706-8BB41C8AB6F1}.Release|Any CPU.Build.0 = Release|Any CPU
		{E5B0CF37-75A5-4B21-85C2-2D5442566D0B}.Debug|Any CPU.ActiveCfg = Debug|Any CPU
		{E5B0CF37-75A5-4B21-85C2-2D5442566D0B}.Debug|Any CPU.Build.0 = Debug|Any CPU
		{E5B0CF37-75A5-4B21-85C2-2D5442566D0B}.Release|Any CPU.ActiveCfg = Release|Any CPU
		{E5B0CF37-75A5-4B21-85C2-2D5442566D0B}.Release|Any CPU.Build.0 = Release|Any CPU
		{D83FF841-0245-45E0-A717-A65AEEE18A7A}.Debug|Any CPU.ActiveCfg = Debug|Any CPU
		{D83FF841-0245-45E0-A717-A65AEEE18A7A}.Debug|Any CPU.Build.0 = Debug|Any CPU
		{D83FF841-0245-45E0-A717-A65AEEE18A7A}.Release|Any CPU.ActiveCfg = Release|Any CPU
		{D83FF841-0245-45E0-A717-A65AEEE18A7A}.Release|Any CPU.Build.0 = Release|Any CPU
		{DC6DE5EB-CC26-4FBA-BFBC-FD9523867E6D}.Debug|Any CPU.ActiveCfg = Debug|Any CPU
		{DC6DE5EB-CC26-4FBA-BFBC-FD9523867E6D}.Debug|Any CPU.Build.0 = Debug|Any CPU
		{DC6DE5EB-CC26-4FBA-BFBC-FD9523867E6D}.Release|Any CPU.ActiveCfg = Release|Any CPU
		{DC6DE5EB-CC26-4FBA-BFBC-FD9523867E6D}.Release|Any CPU.Build.0 = Release|Any CPU
		{B445E077-2456-4A5B-A543-C52565A61A3E}.Debug|Any CPU.ActiveCfg = Debug|Any CPU
		{B445E077-2456-4A5B-A543-C52565A61A3E}.Debug|Any CPU.Build.0 = Debug|Any CPU
		{B445E077-2456-4A5B-A543-C52565A61A3E}.Release|Any CPU.ActiveCfg = Release|Any CPU
		{B445E077-2456-4A5B-A543-C52565A61A3E}.Release|Any CPU.Build.0 = Release|Any CPU
		{4060F238-D9C0-4928-8B38-CEA47CAA6EAD}.Debug|Any CPU.ActiveCfg = Debug|Any CPU
		{4060F238-D9C0-4928-8B38-CEA47CAA6EAD}.Debug|Any CPU.Build.0 = Debug|Any CPU
		{4060F238-D9C0-4928-8B38-CEA47CAA6EAD}.Release|Any CPU.ActiveCfg = Release|Any CPU
		{4060F238-D9C0-4928-8B38-CEA47CAA6EAD}.Release|Any CPU.Build.0 = Release|Any CPU
		{6095A0B7-0AA0-43AA-AC9E-C2907E3FCFD4}.Debug|Any CPU.ActiveCfg = Debug|Any CPU
		{6095A0B7-0AA0-43AA-AC9E-C2907E3FCFD4}.Debug|Any CPU.Build.0 = Debug|Any CPU
		{6095A0B7-0AA0-43AA-AC9E-C2907E3FCFD4}.Release|Any CPU.ActiveCfg = Release|Any CPU
		{6095A0B7-0AA0-43AA-AC9E-C2907E3FCFD4}.Release|Any CPU.Build.0 = Release|Any CPU
	EndGlobalSection
	GlobalSection(SolutionProperties) = preSolution
		HideSolutionNode = FALSE
	EndGlobalSection
	GlobalSection(ExtensibilityGlobals) = postSolution
		SolutionGuid = {DDB77B6E-1CF3-4441-A4A5-6799915D4D28}
	EndGlobalSection
EndGlobal
